// !$*UTF8*$!
{
	archiveVersion = 1;
	classes = {
	};
	objectVersion = 50;
	objects = {

/* Begin PBXBuildFile section */
		18D3450A220A355F004BEDDB /* AppDelegate.swift in Sources */ = {isa = PBXBuildFile; fileRef = 18D34509220A355F004BEDDB /* AppDelegate.swift */; };
		18D3450C220A355F004BEDDB /* RandomTeamViewController.swift in Sources */ = {isa = PBXBuildFile; fileRef = 18D3450B220A355F004BEDDB /* RandomTeamViewController.swift */; };
		18D3450F220A355F004BEDDB /* Main.storyboard in Resources */ = {isa = PBXBuildFile; fileRef = 18D3450D220A355F004BEDDB /* Main.storyboard */; };
		18D34511220A3560004BEDDB /* Assets.xcassets in Resources */ = {isa = PBXBuildFile; fileRef = 18D34510220A3560004BEDDB /* Assets.xcassets */; };
		18D34514220A3560004BEDDB /* LaunchScreen.storyboard in Resources */ = {isa = PBXBuildFile; fileRef = 18D34512220A3560004BEDDB /* LaunchScreen.storyboard */; };
		18EF2B0D220C465700F62A35 /* CustomView.swift in Sources */ = {isa = PBXBuildFile; fileRef = 18EF2B0C220C465700F62A35 /* CustomView.swift */; };
/* End PBXBuildFile section */

/* Begin PBXFileReference section */
		18D34506220A355F004BEDDB /* Who Goes First.app */ = {isa = PBXFileReference; explicitFileType = wrapper.application; includeInIndex = 0; path = "Who Goes First.app"; sourceTree = BUILT_PRODUCTS_DIR; };
		18D34509220A355F004BEDDB /* AppDelegate.swift */ = {isa = PBXFileReference; lastKnownFileType = sourcecode.swift; path = AppDelegate.swift; sourceTree = "<group>"; };
		18D3450B220A355F004BEDDB /* RandomTeamViewController.swift */ = {isa = PBXFileReference; lastKnownFileType = sourcecode.swift; path = RandomTeamViewController.swift; sourceTree = "<group>"; };
		18D3450E220A355F004BEDDB /* Base */ = {isa = PBXFileReference; lastKnownFileType = file.storyboard; name = Base; path = Base.lproj/Main.storyboard; sourceTree = "<group>"; };
		18D34510220A3560004BEDDB /* Assets.xcassets */ = {isa = PBXFileReference; lastKnownFileType = folder.assetcatalog; path = Assets.xcassets; sourceTree = "<group>"; };
		18D34513220A3560004BEDDB /* Base */ = {isa = PBXFileReference; lastKnownFileType = file.storyboard; name = Base; path = Base.lproj/LaunchScreen.storyboard; sourceTree = "<group>"; };
		18D34515220A3560004BEDDB /* Info.plist */ = {isa = PBXFileReference; lastKnownFileType = text.plist.xml; path = Info.plist; sourceTree = "<group>"; };
		18EF2B0C220C465700F62A35 /* CustomView.swift */ = {isa = PBXFileReference; lastKnownFileType = sourcecode.swift; path = CustomView.swift; sourceTree = "<group>"; };
/* End PBXFileReference section */

/* Begin PBXFrameworksBuildPhase section */
		18D34503220A355F004BEDDB /* Frameworks */ = {
			isa = PBXFrameworksBuildPhase;
			buildActionMask = 2147483647;
			files = (
			);
			runOnlyForDeploymentPostprocessing = 0;
		};
/* End PBXFrameworksBuildPhase section */

/* Begin PBXGroup section */
		18D344FD220A355F004BEDDB = {
			isa = PBXGroup;
			children = (
				18D34508220A355F004BEDDB /* Who Goes First */,
				18D34507220A355F004BEDDB /* Products */,
			);
			sourceTree = "<group>";
		};
		18D34507220A355F004BEDDB /* Products */ = {
			isa = PBXGroup;
			children = (
				18D34506220A355F004BEDDB /* Who Goes First.app */,
			);
			name = Products;
			sourceTree = "<group>";
		};
		18D34508220A355F004BEDDB /* Who Goes First */ = {
			isa = PBXGroup;
			children = (
				18D34509220A355F004BEDDB /* AppDelegate.swift */,
				18D3450B220A355F004BEDDB /* RandomTeamViewController.swift */,
				18D3450D220A355F004BEDDB /* Main.storyboard */,
				18EF2B0C220C465700F62A35 /* CustomView.swift */,
				18D34510220A3560004BEDDB /* Assets.xcassets */,
				18D34512220A3560004BEDDB /* LaunchScreen.storyboard */,
				18D34515220A3560004BEDDB /* Info.plist */,
			);
			path = "Who Goes First";
			sourceTree = "<group>";
		};
/* End PBXGroup section */

/* Begin PBXNativeTarget section */
		18D34505220A355F004BEDDB /* Who Goes First */ = {
			isa = PBXNativeTarget;
			buildConfigurationList = 18D34518220A3560004BEDDB /* Build configuration list for PBXNativeTarget "Who Goes First" */;
			buildPhases = (
				18D34502220A355F004BEDDB /* Sources */,
				18D34503220A355F004BEDDB /* Frameworks */,
				18D34504220A355F004BEDDB /* Resources */,
			);
			buildRules = (
			);
			dependencies = (
			);
			name = "Who Goes First";
			productName = "Who Goes First";
			productReference = 18D34506220A355F004BEDDB /* Who Goes First.app */;
			productType = "com.apple.product-type.application";
		};
/* End PBXNativeTarget section */

/* Begin PBXProject section */
		18D344FE220A355F004BEDDB /* Project object */ = {
			isa = PBXProject;
			attributes = {
				LastSwiftUpdateCheck = 1010;
				LastUpgradeCheck = 1010;
				ORGANIZATIONNAME = "Guled Ali";
				TargetAttributes = {
					18D34505220A355F004BEDDB = {
						CreatedOnToolsVersion = 10.1;
					};
				};
			};
			buildConfigurationList = 18D34501220A355F004BEDDB /* Build configuration list for PBXProject "Who Goes First" */;
			compatibilityVersion = "Xcode 9.3";
			developmentRegion = en;
			hasScannedForEncodings = 0;
			knownRegions = (
				en,
				Base,
			);
			mainGroup = 18D344FD220A355F004BEDDB;
			productRefGroup = 18D34507220A355F004BEDDB /* Products */;
			projectDirPath = "";
			projectRoot = "";
			targets = (
				18D34505220A355F004BEDDB /* Who Goes First */,
			);
		};
/* End PBXProject section */

/* Begin PBXResourcesBuildPhase section */
		18D34504220A355F004BEDDB /* Resources */ = {
			isa = PBXResourcesBuildPhase;
			buildActionMask = 2147483647;
			files = (
				18D34514220A3560004BEDDB /* LaunchScreen.storyboard in Resources */,
				18D34511220A3560004BEDDB /* Assets.xcassets in Resources */,
				18D3450F220A355F004BEDDB /* Main.storyboard in Resources */,
			);
			runOnlyForDeploymentPostprocessing = 0;
		};
/* End PBXResourcesBuildPhase section */

/* Begin PBXSourcesBuildPhase section */
		18D34502220A355F004BEDDB /* Sources */ = {
			isa = PBXSourcesBuildPhase;
			buildActionMask = 2147483647;
			files = (
				18EF2B0D220C465700F62A35 /* CustomView.swift in Sources */,
				18D3450C220A355F004BEDDB /* RandomTeamViewController.swift in Sources */,
				18D3450A220A355F004BEDDB /* AppDelegate.swift in Sources */,
			);
			runOnlyForDeploymentPostprocessing = 0;
		};
/* End PBXSourcesBuildPhase section */

/* Begin PBXVariantGroup section */
		18D3450D220A355F004BEDDB /* Main.storyboard */ = {
			isa = PBXVariantGroup;
			children = (
				18D3450E220A355F004BEDDB /* Base */,
			);
			name = Main.storyboard;
			sourceTree = "<group>";
		};
		18D34512220A3560004BEDDB /* LaunchScreen.storyboard */ = {
			isa = PBXVariantGroup;
			children = (
				18D34513220A3560004BEDDB /* Base */,
			);
			name = LaunchScreen.storyboard;
			sourceTree = "<group>";
		};
/* End PBXVariantGroup section */

/* Begin XCBuildConfiguration section */
		18D34516220A3560004BEDDB /* Debug */ = {
			isa = XCBuildConfiguration;
			buildSettings = {
				ALWAYS_SEARCH_USER_PATHS = NO;
				CLANG_ANALYZER_NONNULL = YES;
				CLANG_ANALYZER_NUMBER_OBJECT_CONVERSION = YES_AGGRESSIVE;
				CLANG_CXX_LANGUAGE_STANDARD = "gnu++14";
				CLANG_CXX_LIBRARY = "libc++";
				CLANG_ENABLE_MODULES = YES;
				CLANG_ENABLE_OBJC_ARC = YES;
				CLANG_ENABLE_OBJC_WEAK = YES;
				CLANG_WARN_BLOCK_CAPTURE_AUTORELEASING = YES;
				CLANG_WARN_BOOL_CONVERSION = YES;
				CLANG_WARN_COMMA = YES;
				CLANG_WARN_CONSTANT_CONVERSION = YES;
				CLANG_WARN_DEPRECATED_OBJC_IMPLEMENTATIONS = YES;
				CLANG_WARN_DIRECT_OBJC_ISA_USAGE = YES_ERROR;
				CLANG_WARN_DOCUMENTATION_COMMENTS = YES;
				CLANG_WARN_EMPTY_BODY = YES;
				CLANG_WARN_ENUM_CONVERSION = YES;
				CLANG_WARN_INFINITE_RECURSION = YES;
				CLANG_WARN_INT_CONVERSION = YES;
				CLANG_WARN_NON_LITERAL_NULL_CONVERSION = YES;
				CLANG_WARN_OBJC_IMPLICIT_RETAIN_SELF = YES;
				CLANG_WARN_OBJC_LITERAL_CONVERSION = YES;
				CLANG_WARN_OBJC_ROOT_CLASS = YES_ERROR;
				CLANG_WARN_RANGE_LOOP_ANALYSIS = YES;
				CLANG_WARN_STRICT_PROTOTYPES = YES;
				CLANG_WARN_SUSPICIOUS_MOVE = YES;
				CLANG_WARN_UNGUARDED_AVAILABILITY = YES_AGGRESSIVE;
				CLANG_WARN_UNREACHABLE_CODE = YES;
				CLANG_WARN__DUPLICATE_METHOD_MATCH = YES;
				CODE_SIGN_IDENTITY = "iPhone Developer";
				COPY_PHASE_STRIP = NO;
				DEBUG_INFORMATION_FORMAT = dwarf;
				ENABLE_STRICT_OBJC_MSGSEND = YES;
				ENABLE_TESTABILITY = YES;
				GCC_C_LANGUAGE_STANDARD = gnu11;
				GCC_DYNAMIC_NO_PIC = NO;
				GCC_NO_COMMON_BLOCKS = YES;
				GCC_OPTIMIZATION_LEVEL = 0;
				GCC_PREPROCESSOR_DEFINITIONS = (
					"DEBUG=1",
					"$(inherited)",
				);
				GCC_WARN_64_TO_32_BIT_CONVERSION = YES;
				GCC_WARN_ABOUT_RETURN_TYPE = YES_ERROR;
				GCC_WARN_UNDECLARED_SELECTOR = YES;
				GCC_WARN_UNINITIALIZED_AUTOS = YES_AGGRESSIVE;
				GCC_WARN_UNUSED_FUNCTION = YES;
				GCC_WARN_UNUSED_VARIABLE = YES;
				IPHONEOS_DEPLOYMENT_TARGET = 12.1;
				MTL_ENABLE_DEBUG_INFO = INCLUDE_SOURCE;
				MTL_FAST_MATH = YES;
				ONLY_ACTIVE_ARCH = YES;
				SDKROOT = iphoneos;
				SWIFT_ACTIVE_COMPILATION_CONDITIONS = DEBUG;
				SWIFT_OPTIMIZATION_LEVEL = "-Onone";
			};
			name = Debug;
		};
		18D34517220A3560004BEDDB /* Release */ = {
			isa = XCBuildConfiguration;
			buildSettings = {
				ALWAYS_SEARCH_USER_PATHS = NO;
				CLANG_ANALYZER_NONNULL = YES;
				CLANG_ANALYZER_NUMBER_OBJECT_CONVERSION = YES_AGGRESSIVE;
				CLANG_CXX_LANGUAGE_STANDARD = "gnu++14";
				CLANG_CXX_LIBRARY = "libc++";
				CLANG_ENABLE_MODULES = YES;
				CLANG_ENABLE_OBJC_ARC = YES;
				CLANG_ENABLE_OBJC_WEAK = YES;
				CLANG_WARN_BLOCK_CAPTURE_AUTORELEASING = YES;
				CLANG_WARN_BOOL_CONVERSION = YES;
				CLANG_WARN_COMMA = YES;
				CLANG_WARN_CONSTANT_CONVERSION = YES;
				CLANG_WARN_DEPRECATED_OBJC_IMPLEMENTATIONS = YES;
				CLANG_WARN_DIRECT_OBJC_ISA_USAGE = YES_ERROR;
				CLANG_WARN_DOCUMENTATION_COMMENTS = YES;
				CLANG_WARN_EMPTY_BODY = YES;
				CLANG_WARN_ENUM_CONVERSION = YES;
				CLANG_WARN_INFINITE_RECURSION = YES;
				CLANG_WARN_INT_CONVERSION = YES;
				CLANG_WARN_NON_LITERAL_NULL_CONVERSION = YES;
				CLANG_WARN_OBJC_IMPLICIT_RETAIN_SELF = YES;
				CLANG_WARN_OBJC_LITERAL_CONVERSION = YES;
				CLANG_WARN_OBJC_ROOT_CLASS = YES_ERROR;
				CLANG_WARN_RANGE_LOOP_ANALYSIS = YES;
				CLANG_WARN_STRICT_PROTOTYPES = YES;
				CLANG_WARN_SUSPICIOUS_MOVE = YES;
				CLANG_WARN_UNGUARDED_AVAILABILITY = YES_AGGRESSIVE;
				CLANG_WARN_UNREACHABLE_CODE = YES;
				CLANG_WARN__DUPLICATE_METHOD_MATCH = YES;
				CODE_SIGN_IDENTITY = "iPhone Developer";
				COPY_PHASE_STRIP = NO;
				DEBUG_INFORMATION_FORMAT = "dwarf-with-dsym";
				ENABLE_NS_ASSERTIONS = NO;
				ENABLE_STRICT_OBJC_MSGSEND = YES;
				GCC_C_LANGUAGE_STANDARD = gnu11;
				GCC_NO_COMMON_BLOCKS = YES;
				GCC_WARN_64_TO_32_BIT_CONVERSION = YES;
				GCC_WARN_ABOUT_RETURN_TYPE = YES_ERROR;
				GCC_WARN_UNDECLARED_SELECTOR = YES;
				GCC_WARN_UNINITIALIZED_AUTOS = YES_AGGRESSIVE;
				GCC_WARN_UNUSED_FUNCTION = YES;
				GCC_WARN_UNUSED_VARIABLE = YES;
				IPHONEOS_DEPLOYMENT_TARGET = 12.1;
				MTL_ENABLE_DEBUG_INFO = NO;
				MTL_FAST_MATH = YES;
				SDKROOT = iphoneos;
				SWIFT_COMPILATION_MODE = wholemodule;
				SWIFT_OPTIMIZATION_LEVEL = "-O";
				VALIDATE_PRODUCT = YES;
			};
			name = Release;
		};
		18D34519220A3560004BEDDB /* Debug */ = {
			isa = XCBuildConfiguration;
			buildSettings = {
				ASSETCATALOG_COMPILER_APPICON_NAME = AppIcon;
				CODE_SIGN_STYLE = Automatic;
				INFOPLIST_FILE = "Who Goes First/Info.plist";
				LD_RUNPATH_SEARCH_PATHS = (
					"$(inherited)",
					"@executable_path/Frameworks",
				);
				PRODUCT_BUNDLE_IDENTIFIER = "Guled-Ali.Who-Goes-First";
				PRODUCT_NAME = "$(TARGET_NAME)";
				SWIFT_VERSION = 4.2;
				TARGETED_DEVICE_FAMILY = "1,2";
			};
			name = Debug;
		};
		18D3451A220A3560004BEDDB /* Release */ = {
			isa = XCBuildConfiguration;
			buildSettings = {
				ASSETCATALOG_COMPILER_APPICON_NAME = AppIcon;
				CODE_SIGN_STYLE = Automatic;
				INFOPLIST_FILE = "Who Goes First/Info.plist";
				LD_RUNPATH_SEARCH_PATHS = (
					"$(inherited)",
					"@executable_path/Frameworks",
				);
				PRODUCT_BUNDLE_IDENTIFIER = "Guled-Ali.Who-Goes-First";
				PRODUCT_NAME = "$(TARGET_NAME)";
				SWIFT_VERSION = 4.2;
				TARGETED_DEVICE_FAMILY = "1,2";
			};
			name = Release;
		};
/* End XCBuildConfiguration section */

/* Begin XCConfigurationList section */
		18D34501220A355F004BEDDB /* Build configuration list for PBXProject "Who Goes First" */ = {
			isa = XCConfigurationList;
			buildConfigurations = (
				18D34516220A3560004BEDDB /* Debug */,
				18D34517220A3560004BEDDB /* Release */,
			);
			defaultConfigurationIsVisible = 0;
			defaultConfigurationName = Release;
		};
		18D34518220A3560004BEDDB /* Build configuration list for PBXNativeTarget "Who Goes First" */ = {
			isa = XCConfigurationList;
			buildConfigurations = (
				18D34519220A3560004BEDDB /* Debug */,
				18D3451A220A3560004BEDDB /* Release */,
			);
			defaultConfigurationIsVisible = 0;
			defaultConfigurationName = Release;
		};
/* End XCConfigurationList section */
	};
	rootObject = 18D344FE220A355F004BEDDB /* Project object */;
}
